
Microsoft Visual Studio Solution File, Format Version 12.00
# Visual Studio Version 16
VisualStudioVersion = 16.0.32106.194
MinimumVisualStudioVersion = 10.0.40219.1
Project("{FAE04EC0-301F-11D3-BF4B-00C04F79EFBC}") = "Chat_Server", "Chat_Server\Chat_Server.csproj", "{F5EF989D-CA38-4DFC-AF40-FD7947CAD4C7}"
EndProject
Global
	GlobalSection(SolutionConfigurationPlatforms) = preSolution
		Debug|Any CPU = Debug|Any CPU
		Release|Any CPU = Release|Any CPU
	EndGlobalSection
	GlobalSection(ProjectConfigurationPlatforms) = postSolution
		{F5EF989D-CA38-4DFC-AF40-FD7947CAD4C7}.Debug|Any CPU.ActiveCfg = Debug|Any CPU
		{F5EF989D-CA38-4DFC-AF40-FD7947CAD4C7}.Debug|Any CPU.Build.0 = Debug|Any CPU
		{F5EF989D-CA38-4DFC-AF40-FD7947CAD4C7}.Release|Any CPU.ActiveCfg = Release|Any CPU
		{F5EF989D-CA38-4DFC-AF40-FD7947CAD4C7}.Release|Any CPU.Build.0 = Release|Any CPU
	EndGlobalSection
	GlobalSection(SolutionProperties) = preSolution
		HideSolutionNode = FALSE
	EndGlobalSection
	GlobalSection(ExtensibilityGlobals) = postSolution
		SolutionGuid = {C1CDA87A-5240-4E88-9FBB-60A7A2F7E3BC}
	EndGlobalSection
EndGlobal
